PODS:
  - Alamofire (4.8.2)
  - MINTEL_LiveChat (1.4.42):
    - Alamofire (~> 4.8.2)

DEPENDENCIES:
  - MINTEL_LiveChat (from `../`)

SPEC REPOS:
  https://github.com/CocoaPods/Specs.git:
    - Alamofire

EXTERNAL SOURCES:
  MINTEL_LiveChat:
    :path: "../"

SPEC CHECKSUMS:
  Alamofire: ae5c501addb7afdbb13687d7f2f722c78734c2d3
  MINTEL_LiveChat: e46d62c2db0ed6a46a82433ebccb1ce5d9ddda2a

PODFILE CHECKSUM: d9ef792f94c2b4151177e625d7ecd40b6f48e583

COCOAPODS: 1.12.1
